
Microsoft Visual Studio Solution File, Format Version 12.00
# Visual Studio Version 16
VisualStudioVersion = 16.0.810.23
MinimumVisualStudioVersion = 10.0.40219.1
Project("{FAE04EC0-301F-11D3-BF4B-00C04F79EFBC}") = "MarsQA-1", "MarsQA-1\MarsQA-1.csproj", "{B8EDD54E-9311-4F9A-A033-86B8D681ECF0}"
EndProject
Project("{FAE04EC0-301F-11D3-BF4B-00C04F79EFBC}") = "MarsQA-1", "MarsQA-1\MarsQA-1.csproj", "{C7DA1750-B61C-430D-8605-EFE0FCE6987C}"
EndProject
Global
	GlobalSection(SolutionConfigurationPlatforms) = preSolution
		Debug|Any CPU = Debug|Any CPU
		Release|Any CPU = Release|Any CPU
	EndGlobalSection
	GlobalSection(ProjectConfigurationPlatforms) = postSolution
		{B8EDD54E-9311-4F9A-A033-86B8D681ECF0}.Debug|Any CPU.ActiveCfg = Debug|Any CPU
		{B8EDD54E-9311-4F9A-A033-86B8D681ECF0}.Debug|Any CPU.Build.0 = Debug|Any CPU
		{B8EDD54E-9311-4F9A-A033-86B8D681ECF0}.Release|Any CPU.ActiveCfg = Release|Any CPU
		{B8EDD54E-9311-4F9A-A033-86B8D681ECF0}.Release|Any CPU.Build.0 = Release|Any CPU
		{C7DA1750-B61C-430D-8605-EFE0FCE6987C}.Debug|Any CPU.ActiveCfg = Debug|Any CPU
		{C7DA1750-B61C-430D-8605-EFE0FCE6987C}.Debug|Any CPU.Build.0 = Debug|Any CPU
		{C7DA1750-B61C-430D-8605-EFE0FCE6987C}.Release|Any CPU.ActiveCfg = Release|Any CPU
		{C7DA1750-B61C-430D-8605-EFE0FCE6987C}.Release|Any CPU.Build.0 = Release|Any CPU
	EndGlobalSection
	GlobalSection(SolutionProperties) = preSolution
		HideSolutionNode = FALSE
	EndGlobalSection
	GlobalSection(ExtensibilityGlobals) = postSolution
		SolutionGuid = {E8B9A712-288F-4F41-8BA7-89C5C25B630E}
	EndGlobalSection
EndGlobal
